
Microsoft Visual Studio Solution File, Format Version 12.00
# Visual Studio Version 17
VisualStudioVersion = 17.12.35707.178 d17.12
MinimumVisualStudioVersion = 10.0.40219.1
Project("{FAE04EC0-301F-11D3-BF4B-00C04F79EFBC}") = "PROYECTO FINAL", "PROYECTO FINAL\PROYECTO FINAL.csproj", "{1605C0C6-CF5F-4C4A-AD03-F90B9336B573}"
EndProject
Global
	GlobalSection(SolutionConfigurationPlatforms) = preSolution
		Debug|Any CPU = Debug|Any CPU
		Release|Any CPU = Release|Any CPU
	EndGlobalSection
	GlobalSection(ProjectConfigurationPlatforms) = postSolution
		{1605C0C6-CF5F-4C4A-AD03-F90B9336B573}.Debug|Any CPU.ActiveCfg = Debug|Any CPU
		{1605C0C6-CF5F-4C4A-AD03-F90B9336B573}.Debug|Any CPU.Build.0 = Debug|Any CPU
		{1605C0C6-CF5F-4C4A-AD03-F90B9336B573}.Release|Any CPU.ActiveCfg = Release|Any CPU
		{1605C0C6-CF5F-4C4A-AD03-F90B9336B573}.Release|Any CPU.Build.0 = Release|Any CPU
	EndGlobalSection
	GlobalSection(SolutionProperties) = preSolution
		HideSolutionNode = FALSE
	EndGlobalSection
EndGlobal
